github.com/loup-brun/hugo-cite v1.0.0-beta3 h1:Qh6BkoWZPt0vaVxwMvQSJguT660wImy38sq+Q234tHE=
github.com/loup-brun/hugo-cite v1.0.0-beta3/go.mod h1:iD1lSrUKaQPD+/MRLxDCpbSOW7fFq3eAIvc29G5Zbag=
github.com/nunocoracao/blowfish/v2 v2.104.0 h1:MvLRRPC2Bi56EkzVZI+3q1WZZe++qPut5lv/QPfwYsE=
github.com/nunocoracao/blowfish/v2 v2.104.0/go.mod h1:4SkMc+Ht8gpQCwArqiHMBDP3soxi2OWuAhVney+cuyk=
